
Microsoft Visual Studio Solution File, Format Version 12.00
# Visual Studio Version 17
VisualStudioVersion = 17.2.32616.157
MinimumVisualStudioVersion = 10.0.40219.1
Project("{888888A0-9F3D-457C-B088-3A5042F75D52}") = "Class_Manager", "Class_Manager\Class_Manager.pyproj", "{AC6DAE92-D583-4E15-9409-0289D778108B}"
EndProject
Global
	GlobalSection(SolutionConfigurationPlatforms) = preSolution
		Debug|Any CPU = Debug|Any CPU
		Release|Any CPU = Release|Any CPU
	EndGlobalSection
	GlobalSection(ProjectConfigurationPlatforms) = postSolution
		{AC6DAE92-D583-4E15-9409-0289D778108B}.Debug|Any CPU.ActiveCfg = Debug|Any CPU
		{AC6DAE92-D583-4E15-9409-0289D778108B}.Release|Any CPU.ActiveCfg = Release|Any CPU
	EndGlobalSection
	GlobalSection(SolutionProperties) = preSolution
		HideSolutionNode = FALSE
	EndGlobalSection
	GlobalSection(ExtensibilityGlobals) = postSolution
		SolutionGuid = {1289FC9B-D0C3-4DC1-8407-2AA3DDDDFDCA}
	EndGlobalSection
EndGlobal
